
Microsoft Visual Studio Solution File, Format Version 12.00
# Visual Studio Version 17
VisualStudioVersion = 17.5.002.0
MinimumVisualStudioVersion = 10.0.40219.1
Project("{9A19103F-16F7-4668-BE54-9A1E7A4F7556}") = "take-note", "take-note.csproj", "{73C690C0-B5A5-451D-B964-F7E3DA9AC05E}"
EndProject
Global
	GlobalSection(SolutionConfigurationPlatforms) = preSolution
		Debug|Any CPU = Debug|Any CPU
		Release|Any CPU = Release|Any CPU
	EndGlobalSection
	GlobalSection(ProjectConfigurationPlatforms) = postSolution
		{73C690C0-B5A5-451D-B964-F7E3DA9AC05E}.Debug|Any CPU.ActiveCfg = Debug|Any CPU
		{73C690C0-B5A5-451D-B964-F7E3DA9AC05E}.Debug|Any CPU.Build.0 = Debug|Any CPU
		{73C690C0-B5A5-451D-B964-F7E3DA9AC05E}.Release|Any CPU.ActiveCfg = Release|Any CPU
		{73C690C0-B5A5-451D-B964-F7E3DA9AC05E}.Release|Any CPU.Build.0 = Release|Any CPU
	EndGlobalSection
	GlobalSection(SolutionProperties) = preSolution
		HideSolutionNode = FALSE
	EndGlobalSection
	GlobalSection(ExtensibilityGlobals) = postSolution
		SolutionGuid = {0DC87F2A-35FE-4E49-BE34-780B090DB28F}
	EndGlobalSection
EndGlobal
